
Microsoft Visual Studio Solution File, Format Version 12.00
# Visual Studio 15
VisualStudioVersion = 15.0.28307.106
MinimumVisualStudioVersion = 10.0.40219.1
Project("{FAE04EC0-301F-11D3-BF4B-00C04F79EFBC}") = "ArithmeticOperators", "ArithmeticOperators\ArithmeticOperators.csproj", "{CF076F05-1C45-431B-B9BB-86D62E6605B0}"
EndProject
Global
	GlobalSection(SolutionConfigurationPlatforms) = preSolution
		Debug|Any CPU = Debug|Any CPU
		Release|Any CPU = Release|Any CPU
	EndGlobalSection
	GlobalSection(ProjectConfigurationPlatforms) = postSolution
		{CF076F05-1C45-431B-B9BB-86D62E6605B0}.Debug|Any CPU.ActiveCfg = Debug|Any CPU
		{CF076F05-1C45-431B-B9BB-86D62E6605B0}.Debug|Any CPU.Build.0 = Debug|Any CPU
		{CF076F05-1C45-431B-B9BB-86D62E6605B0}.Release|Any CPU.ActiveCfg = Release|Any CPU
		{CF076F05-1C45-431B-B9BB-86D62E6605B0}.Release|Any CPU.Build.0 = Release|Any CPU
	EndGlobalSection
	GlobalSection(SolutionProperties) = preSolution
		HideSolutionNode = FALSE
	EndGlobalSection
	GlobalSection(ExtensibilityGlobals) = postSolution
		SolutionGuid = {8E0E0D96-7A65-4099-A403-3630D9A9598E}
	EndGlobalSection
EndGlobal
