
Microsoft Visual Studio Solution File, Format Version 12.00
# Visual Studio 15
VisualStudioVersion = 15.0.28307.106
MinimumVisualStudioVersion = 10.0.40219.1
Project("{FAE04EC0-301F-11D3-BF4B-00C04F79EFBC}") = "AccountingBooks", "AccountingBooks\AccountingBooks.csproj", "{EB3D9018-BDD1-423B-9C23-D3ED163E4777}"
EndProject
Global
	GlobalSection(SolutionConfigurationPlatforms) = preSolution
		Debug|Any CPU = Debug|Any CPU
		Release|Any CPU = Release|Any CPU
	EndGlobalSection
	GlobalSection(ProjectConfigurationPlatforms) = postSolution
		{EB3D9018-BDD1-423B-9C23-D3ED163E4777}.Debug|Any CPU.ActiveCfg = Debug|Any CPU
		{EB3D9018-BDD1-423B-9C23-D3ED163E4777}.Debug|Any CPU.Build.0 = Debug|Any CPU
		{EB3D9018-BDD1-423B-9C23-D3ED163E4777}.Release|Any CPU.ActiveCfg = Release|Any CPU
		{EB3D9018-BDD1-423B-9C23-D3ED163E4777}.Release|Any CPU.Build.0 = Release|Any CPU
	EndGlobalSection
	GlobalSection(SolutionProperties) = preSolution
		HideSolutionNode = FALSE
	EndGlobalSection
	GlobalSection(ExtensibilityGlobals) = postSolution
		SolutionGuid = {0EF18F61-2100-4419-B95E-BC002B06A556}
	EndGlobalSection
EndGlobal
