
Microsoft Visual Studio Solution File, Format Version 12.00
# Visual Studio 15
VisualStudioVersion = 15.0.28307.106
MinimumVisualStudioVersion = 10.0.40219.1
Project("{FAE04EC0-301F-11D3-BF4B-00C04F79EFBC}") = "GuessTheNumber", "GuessTheNumber\GuessTheNumber.csproj", "{C9ACF016-8E17-411C-83FF-13F7BDB6356D}"
EndProject
Global
	GlobalSection(SolutionConfigurationPlatforms) = preSolution
		Debug|Any CPU = Debug|Any CPU
		Release|Any CPU = Release|Any CPU
	EndGlobalSection
	GlobalSection(ProjectConfigurationPlatforms) = postSolution
		{C9ACF016-8E17-411C-83FF-13F7BDB6356D}.Debug|Any CPU.ActiveCfg = Debug|Any CPU
		{C9ACF016-8E17-411C-83FF-13F7BDB6356D}.Debug|Any CPU.Build.0 = Debug|Any CPU
		{C9ACF016-8E17-411C-83FF-13F7BDB6356D}.Release|Any CPU.ActiveCfg = Release|Any CPU
		{C9ACF016-8E17-411C-83FF-13F7BDB6356D}.Release|Any CPU.Build.0 = Release|Any CPU
	EndGlobalSection
	GlobalSection(SolutionProperties) = preSolution
		HideSolutionNode = FALSE
	EndGlobalSection
	GlobalSection(ExtensibilityGlobals) = postSolution
		SolutionGuid = {78731348-1C90-403B-A9FA-49D4145BC893}
	EndGlobalSection
EndGlobal
