
Microsoft Visual Studio Solution File, Format Version 12.00
# Visual Studio 15
VisualStudioVersion = 15.0.28307.106
MinimumVisualStudioVersion = 10.0.40219.1
Project("{FAE04EC0-301F-11D3-BF4B-00C04F79EFBC}") = "ClassFileInfo", "ClassFileInfo\ClassFileInfo.csproj", "{F9B4C301-0BF3-4F8B-B4BA-F1FF8F3002D6}"
EndProject
Global
	GlobalSection(SolutionConfigurationPlatforms) = preSolution
		Debug|Any CPU = Debug|Any CPU
		Release|Any CPU = Release|Any CPU
	EndGlobalSection
	GlobalSection(ProjectConfigurationPlatforms) = postSolution
		{F9B4C301-0BF3-4F8B-B4BA-F1FF8F3002D6}.Debug|Any CPU.ActiveCfg = Debug|Any CPU
		{F9B4C301-0BF3-4F8B-B4BA-F1FF8F3002D6}.Debug|Any CPU.Build.0 = Debug|Any CPU
		{F9B4C301-0BF3-4F8B-B4BA-F1FF8F3002D6}.Release|Any CPU.ActiveCfg = Release|Any CPU
		{F9B4C301-0BF3-4F8B-B4BA-F1FF8F3002D6}.Release|Any CPU.Build.0 = Release|Any CPU
	EndGlobalSection
	GlobalSection(SolutionProperties) = preSolution
		HideSolutionNode = FALSE
	EndGlobalSection
	GlobalSection(ExtensibilityGlobals) = postSolution
		SolutionGuid = {64F3BC30-7C33-481A-86A4-209EA3F987F4}
	EndGlobalSection
EndGlobal
