
Microsoft Visual Studio Solution File, Format Version 12.00
# Visual Studio 15
VisualStudioVersion = 15.0.28307.106
MinimumVisualStudioVersion = 10.0.40219.1
Project("{FAE04EC0-301F-11D3-BF4B-00C04F79EFBC}") = "SortingArrays", "SortingArrays\SortingArrays.csproj", "{DBF511C3-DE96-4AA6-BEC3-8FAFA415F993}"
EndProject
Global
	GlobalSection(SolutionConfigurationPlatforms) = preSolution
		Debug|Any CPU = Debug|Any CPU
		Release|Any CPU = Release|Any CPU
	EndGlobalSection
	GlobalSection(ProjectConfigurationPlatforms) = postSolution
		{DBF511C3-DE96-4AA6-BEC3-8FAFA415F993}.Debug|Any CPU.ActiveCfg = Debug|Any CPU
		{DBF511C3-DE96-4AA6-BEC3-8FAFA415F993}.Debug|Any CPU.Build.0 = Debug|Any CPU
		{DBF511C3-DE96-4AA6-BEC3-8FAFA415F993}.Release|Any CPU.ActiveCfg = Release|Any CPU
		{DBF511C3-DE96-4AA6-BEC3-8FAFA415F993}.Release|Any CPU.Build.0 = Release|Any CPU
	EndGlobalSection
	GlobalSection(SolutionProperties) = preSolution
		HideSolutionNode = FALSE
	EndGlobalSection
	GlobalSection(ExtensibilityGlobals) = postSolution
		SolutionGuid = {A127F46B-51BE-4271-BCB2-9604DCEE181A}
	EndGlobalSection
EndGlobal
