
Microsoft Visual Studio Solution File, Format Version 12.00
# Visual Studio 15
VisualStudioVersion = 15.0.28307.106
MinimumVisualStudioVersion = 10.0.40219.1
Project("{FAE04EC0-301F-11D3-BF4B-00C04F79EFBC}") = "DeleteIt!", "DeleteIt!\DeleteIt!.csproj", "{52857E1B-D409-4860-96D7-22A0C54F959A}"
EndProject
Global
	GlobalSection(SolutionConfigurationPlatforms) = preSolution
		Debug|Any CPU = Debug|Any CPU
		Release|Any CPU = Release|Any CPU
	EndGlobalSection
	GlobalSection(ProjectConfigurationPlatforms) = postSolution
		{52857E1B-D409-4860-96D7-22A0C54F959A}.Debug|Any CPU.ActiveCfg = Debug|Any CPU
		{52857E1B-D409-4860-96D7-22A0C54F959A}.Debug|Any CPU.Build.0 = Debug|Any CPU
		{52857E1B-D409-4860-96D7-22A0C54F959A}.Release|Any CPU.ActiveCfg = Release|Any CPU
		{52857E1B-D409-4860-96D7-22A0C54F959A}.Release|Any CPU.Build.0 = Release|Any CPU
	EndGlobalSection
	GlobalSection(SolutionProperties) = preSolution
		HideSolutionNode = FALSE
	EndGlobalSection
	GlobalSection(ExtensibilityGlobals) = postSolution
		SolutionGuid = {40A19FAE-24B1-419A-BD8C-84D0EECA6EED}
	EndGlobalSection
EndGlobal
